<?xml version="1.0" encoding="utf-8"?>
<Project ToolsVersion="4.0" xmlns="http://schemas.microsoft.com/developer/msbuild/2003">
  <ItemGroup>
    <Filter Include="CMUgraphicsLib">
      <UniqueIdentifier>{b6ef5278-5399-4c20-8631-3a47fa20276d}</UniqueIdentifier>
    </Filter>
    <Filter Include="CMUgraphicsLib\JPEG">
      <UniqueIdentifier>{74881736-22be-4b44-90b6-09a29eb1aa85}</UniqueIdentifier>
    </Filter>
    <Filter Include="Action Classes">
      <UniqueIdentifier>{cc2f4f46-2b97-4337-b924-0771e382c57b}</UniqueIdentifier>
    </Filter>
    <Filter Include="GUI Classes">
      <UniqueIdentifier>{03fd4e0d-92e0-4271-bb9b-d6e9f21ec35f}</UniqueIdentifier>
    </Filter>
    <Filter Include="Application Manager">
      <UniqueIdentifier>{be3a4e10-d854-4bf8-9add-2f85904b4103}</UniqueIdentifier>
    </Filter>
    <Filter Include="Figures Classes">
      <UniqueIdentifier>{4cc0cf48-df46-46a1-a59b-ffb63f7dd89f}</UniqueIdentifier>
    </Filter>
  </ItemGroup>
  <ItemGroup>
    <ClCompile Include="CMUgraphicsLib\auxil.cpp">
      <Filter>CMUgraphicsLib</Filter>
    </ClCompile>
    <ClCompile Include="CMUgraphicsLib\CMUgraphics.cpp">
      <Filter>CMUgraphicsLib</Filter>
    </ClCompile>
    <ClCompile Include="CMUgraphicsLib\image.cpp">
      <Filter>CMUgraphicsLib</Filter>
    </ClCompile>
    <ClCompile Include="CMUgraphicsLib\jpegload.c">
      <Filter>CMUgraphicsLib</Filter>
    </ClCompile>
    <ClCompile Include="CMUgraphicsLib\keyqueue.cpp">
      <Filter>CMUgraphicsLib</Filter>
    </ClCompile>
    <ClCompile Include="CMUgraphicsLib\mousequeue.cpp">
      <Filter>CMUgraphicsLib</Filter>
    </ClCompile>
    <ClCompile Include="CMUgraphicsLib\windowinput.cpp">
      <Filter>CMUgraphicsLib</Filter>
    </ClCompile>
    <ClCompile Include="CMUgraphicsLib\jpeg\jcomapi.c">
      <Filter>CMUgraphicsLib\JPEG</Filter>
    </ClCompile>
    <ClCompile Include="CMUgraphicsLib\jpeg\jcparam.c">
      <Filter>CMUgraphicsLib\JPEG</Filter>
    </ClCompile>
    <ClCompile Include="CMUgraphicsLib\jpeg\jdapimin.c">
      <Filter>CMUgraphicsLib\JPEG</Filter>
    </ClCompile>
    <ClCompile Include="CMUgraphicsLib\jpeg\jdapistd.c">
      <Filter>CMUgraphicsLib\JPEG</Filter>
    </ClCompile>
    <ClCompile Include="CMUgraphicsLib\jpeg\jdatasrc.c">
      <Filter>CMUgraphicsLib\JPEG</Filter>
    </ClCompile>
    <ClCompile Include="CMUgraphicsLib\jpeg\jdcoefct.c">
      <Filter>CMUgraphicsLib\JPEG</Filter>
    </ClCompile>
    <ClCompile Include="CMUgraphicsLib\jpeg\jdcolor.c">
      <Filter>CMUgraphicsLib\JPEG</Filter>
    </ClCompile>
    <ClCompile Include="CMUgraphicsLib\jpeg\jddctmgr.c">
      <Filter>CMUgraphicsLib\JPEG</Filter>
    </ClCompile>
    <ClCompile Include="CMUgraphicsLib\jpeg\jdhuff.c">
      <Filter>CMUgraphicsLib\JPEG</Filter>
    </ClCompile>
    <ClCompile Include="CMUgraphicsLib\jpeg\jdinput.c">
      <Filter>CMUgraphicsLib\JPEG</Filter>
    </ClCompile>
    <ClCompile Include="CMUgraphicsLib\jpeg\jdmainct.c">
      <Filter>CMUgraphicsLib\JPEG</Filter>
    </ClCompile>
    <ClCompile Include="CMUgraphicsLib\jpeg\jdmarker.c">
      <Filter>CMUgraphicsLib\JPEG</Filter>
    </ClCompile>
    <ClCompile Include="CMUgraphicsLib\jpeg\jdmaster.c">
      <Filter>CMUgraphicsLib\JPEG</Filter>
    </ClCompile>
    <ClCompile Include="CMUgraphicsLib\jpeg\jdmerge.c">
      <Filter>CMUgraphicsLib\JPEG</Filter>
    </ClCompile>
    <ClCompile Include="CMUgraphicsLib\jpeg\jdphuff.c">
      <Filter>CMUgraphicsLib\JPEG</Filter>
    </ClCompile>
    <ClCompile Include="CMUgraphicsLib\jpeg\jdpostct.c">
      <Filter>CMUgraphicsLib\JPEG</Filter>
    </ClCompile>
    <ClCompile Include="CMUgraphicsLib\jpeg\jdsample.c">
      <Filter>CMUgraphicsLib\JPEG</Filter>
    </ClCompile>
    <ClCompile Include="CMUgraphicsLib\jpeg\jdtrans.c">
      <Filter>CMUgraphicsLib\JPEG</Filter>
    </ClCompile>
    <ClCompile Include="CMUgraphicsLib\jpeg\jerror.c">
      <Filter>CMUgraphicsLib\JPEG</Filter>
    </ClCompile>
    <ClCompile Include="CMUgraphicsLib\jpeg\jidctflt.c">
      <Filter>CMUgraphicsLib\JPEG</Filter>
    </ClCompile>
    <ClCompile Include="CMUgraphicsLib\jpeg\jidctfst.c">
      <Filter>CMUgraphicsLib\JPEG</Filter>
    </ClCompile>
    <ClCompile Include="CMUgraphicsLib\jpeg\jidctint.c">
      <Filter>CMUgraphicsLib\JPEG</Filter>
    </ClCompile>
    <ClCompile Include="CMUgraphicsLib\jpeg\jidctred.c">
      <Filter>CMUgraphicsLib\JPEG</Filter>
    </ClCompile>
    <ClCompile Include="CMUgraphicsLib\jpeg\jmemmgr.c">
      <Filter>CMUgraphicsLib\JPEG</Filter>
    </ClCompile>
    <ClCompile Include="CMUgraphicsLib\jpeg\jmemnobs.c">
      <Filter>CMUgraphicsLib\JPEG</Filter>
    </ClCompile>
    <ClCompile Include="CMUgraphicsLib\jpeg\jquant1.c">
      <Filter>CMUgraphicsLib\JPEG</Filter>
    </ClCompile>
    <ClCompile Include="CMUgraphicsLib\jpeg\jquant2.c">
      <Filter>CMUgraphicsLib\JPEG</Filter>
    </ClCompile>
    <ClCompile Include="CMUgraphicsLib\jpeg\jutils.c">
      <Filter>CMUgraphicsLib\JPEG</Filter>
    </ClCompile>
    <ClCompile Include="Figures\CFigure.cpp">
      <Filter>Figures Classes</Filter>
    </ClCompile>
    <ClCompile Include="Figures\CRectangle.cpp">
      <Filter>Figures Classes</Filter>
    </ClCompile>
    <ClCompile Include="Actions\AddRectAction.cpp">
      <Filter>Action Classes</Filter>
    </ClCompile>
    <ClCompile Include="GUI\Input.cpp">
      <Filter>GUI Classes</Filter>
    </ClCompile>
    <ClCompile Include="GUI\Output.cpp">
      <Filter>GUI Classes</Filter>
    </ClCompile>
    <ClCompile Include="ApplicationManager.cpp">
      <Filter>Application Manager</Filter>
    </ClCompile>
    <ClCompile Include="main.cpp" />
    <ClCompile Include="CMUgraphicsLib\colors.cpp">
      <Filter>CMUgraphicsLib</Filter>
    </ClCompile>
    <ClCompile Include="Figures\CRhombus.cpp">
      <Filter>Figures Classes</Filter>
    </ClCompile>
    <ClCompile Include="Actions\AddRhombusAction.cpp">
      <Filter>Action Classes</Filter>
    </ClCompile>
    <ClCompile Include="Actions\AddEllipseAction.cpp">
      <Filter>Action Classes</Filter>
    </ClCompile>
    <ClCompile Include="Figures\CTriangle.cpp">
      <Filter>Figures Classes</Filter>
    </ClCompile>
    <ClCompile Include="Figures\CEllipse.cpp">
      <Filter>Figures Classes</Filter>
    </ClCompile>
    <ClCompile Include="Actions\AddTriangleAction.cpp">
      <Filter>Action Classes</Filter>
    </ClCompile>
    <ClCompile Include="Actions\SelectAction.cpp">
      <Filter>Action Classes</Filter>
    </ClCompile>
    <ClCompile Include="Actions\Copy.cpp">
      <Filter>Action Classes</Filter>
    </ClCompile>
    <ClCompile Include="Actions\Paste.cpp">
      <Filter>Action Classes</Filter>
    </ClCompile>
    <ClCompile Include="Actions\Cut.cpp">
      <Filter>Action Classes</Filter>
    </ClCompile>
    <ClCompile Include="Actions\SaveByType.cpp">
      <Filter>Action Classes</Filter>
    </ClCompile>
    <ClCompile Include="Actions\SaveAction.cpp">
      <Filter>Action Classes</Filter>
    </ClCompile>
    <ClCompile Include="Actions\LoadAction.cpp">
      <Filter>Action Classes</Filter>
    </ClCompile>
    <ClCompile Include="Actions\ChangeColor.cpp">
      <Filter>Action Classes</Filter>
    </ClCompile>
    <ClCompile Include="Figures\CLine.cpp">
      <Filter>Figures Classes</Filter>
    </ClCompile>
    <ClCompile Include="Actions\SwitchToPlay.cpp">
      <Filter>Action Classes</Filter>
    </ClCompile>
    <ClCompile Include="Actions\SwitchToDraw.cpp">
      <Filter>Action Classes</Filter>
    </ClCompile>
    <ClCompile Include="Actions\PickType.cpp">
      <Filter>Action Classes</Filter>
    </ClCompile>
    <ClCompile Include="Actions\PickColor.cpp">
      <Filter>Action Classes</Filter>
    </ClCompile>
    <ClCompile Include="Actions\Delete.cpp">
      <Filter>Action Classes</Filter>
    </ClCompile>
    <ClCompile Include="Actions\AddLineAction.cpp">
      <Filter>Action Classes</Filter>
    </ClCompile>
    <ClCompile Include="Actions\Exit.cpp">
      <Filter>Action Classes</Filter>
    </ClCompile>
    <ClCompile Include="Actions\Sound.cpp">
      <Filter>Action Classes</Filter>
    </ClCompile>
    <ClCompile Include="Actions\ResizeAction.cpp">
      <Filter>Action Classes</Filter>
    </ClCompile>
    <ClCompile Include="Actions\Send_to_Back.cpp">
      <Filter>Action Classes</Filter>
    </ClCompile>
    <ClCompile Include="Actions\Bring_to_Front.cpp">
      <Filter>Action Classes</Filter>
    </ClCompile>
  </ItemGroup>
  <ItemGroup>
    <ClInclude Include="CMUgraphicsLib\auxil.h">
      <Filter>CMUgraphicsLib</Filter>
    </ClInclude>
    <ClInclude Include="CMUgraphicsLib\CMUgraphics.h">
      <Filter>CMUgraphicsLib</Filter>
    </ClInclude>
    <ClInclude Include="CMUgraphicsLib\colors.h">
      <Filter>CMUgraphicsLib</Filter>
    </ClInclude>
    <ClInclude Include="CMUgraphicsLib\error.h">
      <Filter>CMUgraphicsLib</Filter>
    </ClInclude>
    <ClInclude Include="CMUgraphicsLib\image.h">
      <Filter>CMUgraphicsLib</Filter>
    </ClInclude>
    <ClInclude Include="CMUgraphicsLib\jpegload.h">
      <Filter>CMUgraphicsLib</Filter>
    </ClInclude>
    <ClInclude Include="CMUgraphicsLib\keyqueue.h">
      <Filter>CMUgraphicsLib</Filter>
    </ClInclude>
    <ClInclude Include="CMUgraphicsLib\mousequeue.h">
      <Filter>CMUgraphicsLib</Filter>
    </ClInclude>
    <ClInclude Include="CMUgraphicsLib\windowinput.h">
      <Filter>CMUgraphicsLib</Filter>
    </ClInclude>
    <ClInclude Include="CMUgraphicsLib\jpeg\jconfig.h">
      <Filter>CMUgraphicsLib\JPEG</Filter>
    </ClInclude>
    <ClInclude Include="CMUgraphicsLib\jpeg\jdct.h">
      <Filter>CMUgraphicsLib\JPEG</Filter>
    </ClInclude>
    <ClInclude Include="CMUgraphicsLib\jpeg\jdhuff.h">
      <Filter>CMUgraphicsLib\JPEG</Filter>
    </ClInclude>
    <ClInclude Include="CMUgraphicsLib\jpeg\jerror.h">
      <Filter>CMUgraphicsLib\JPEG</Filter>
    </ClInclude>
    <ClInclude Include="CMUgraphicsLib\jpeg\jinclude.h">
      <Filter>CMUgraphicsLib\JPEG</Filter>
    </ClInclude>
    <ClInclude Include="CMUgraphicsLib\jpeg\jmemsys.h">
      <Filter>CMUgraphicsLib\JPEG</Filter>
    </ClInclude>
    <ClInclude Include="CMUgraphicsLib\jpeg\jmorecfg.h">
      <Filter>CMUgraphicsLib\JPEG</Filter>
    </ClInclude>
    <ClInclude Include="CMUgraphicsLib\jpeg\jpegint.h">
      <Filter>CMUgraphicsLib\JPEG</Filter>
    </ClInclude>
    <ClInclude Include="CMUgraphicsLib\jpeg\jpeglib.h">
      <Filter>CMUgraphicsLib\JPEG</Filter>
    </ClInclude>
    <ClInclude Include="CMUgraphicsLib\jpeg\jversion.h">
      <Filter>CMUgraphicsLib\JPEG</Filter>
    </ClInclude>
    <ClInclude Include="Figures\CFigure.h">
      <Filter>Figures Classes</Filter>
    </ClInclude>
    <ClInclude Include="Figures\CRectangle.h">
      <Filter>Figures Classes</Filter>
    </ClInclude>
    <ClInclude Include="Actions\Action.h">
      <Filter>Action Classes</Filter>
    </ClInclude>
    <ClInclude Include="Actions\AddRectAction.h">
      <Filter>Action Classes</Filter>
    </ClInclude>
    <ClInclude Include="GUI\Input.h">
      <Filter>GUI Classes</Filter>
    </ClInclude>
    <ClInclude Include="GUI\Output.h">
      <Filter>GUI Classes</Filter>
    </ClInclude>
    <ClInclude Include="GUI\UI_Info.h">
      <Filter>GUI Classes</Filter>
    </ClInclude>
    <ClInclude Include="ApplicationManager.h">
      <Filter>Application Manager</Filter>
    </ClInclude>
    <ClInclude Include="DEFS.h" />
    <ClInclude Include="Figures\CRhombus.h">
      <Filter>Figures Classes</Filter>
    </ClInclude>
    <ClInclude Include="Actions\AddRhombusAction.h">
      <Filter>Action Classes</Filter>
    </ClInclude>
    <ClInclude Include="Actions\AddEllipseAction.h">
      <Filter>Action Classes</Filter>
    </ClInclude>
    <ClInclude Include="Figures\CTriangle.h">
      <Filter>Figures Classes</Filter>
    </ClInclude>
    <ClInclude Include="Figures\CEllipse.h">
      <Filter>Figures Classes</Filter>
    </ClInclude>
    <ClInclude Include="Actions\AddTriangleAction.h">
      <Filter>Action Classes</Filter>
    </ClInclude>
    <ClInclude Include="Actions\SelectAction.h">
      <Filter>Action Classes</Filter>
    </ClInclude>
    <ClInclude Include="Actions\Copy.h">
      <Filter>Action Classes</Filter>
    </ClInclude>
    <ClInclude Include="Actions\Paste.h">
      <Filter>Action Classes</Filter>
    </ClInclude>
    <ClInclude Include="Actions\Cut.h">
      <Filter>Action Classes</Filter>
    </ClInclude>
    <ClInclude Include="Actions\SaveByType.h">
      <Filter>Action Classes</Filter>
    </ClInclude>
    <ClInclude Include="Actions\SaveAction.h">
      <Filter>Action Classes</Filter>
    </ClInclude>
    <ClInclude Include="Actions\LoadAction.h">
      <Filter>Action Classes</Filter>
    </ClInclude>
    <ClInclude Include="Actions\ChangeColor.h">
      <Filter>Action Classes</Filter>
    </ClInclude>
    <ClInclude Include="Figures\CLine.h">
      <Filter>Figures Classes</Filter>
    </ClInclude>
    <ClInclude Include="Actions\SwitchToPlay.h">
      <Filter>Action Classes</Filter>
    </ClInclude>
    <ClInclude Include="Actions\SwitchToDraw.h">
      <Filter>Action Classes</Filter>
    </ClInclude>
    <ClInclude Include="Actions\PickType.h">
      <Filter>Action Classes</Filter>
    </ClInclude>
    <ClInclude Include="Actions\PickColor.h">
      <Filter>Action Classes</Filter>
    </ClInclude>
    <ClInclude Include="Actions\Delete.h">
      <Filter>Action Classes</Filter>
    </ClInclude>
    <ClInclude Include="Actions\AddLineAction.h">
      <Filter>Action Classes</Filter>
    </ClInclude>
    <ClInclude Include="Actions\Exit.h">
      <Filter>Action Classes</Filter>
    </ClInclude>
    <ClInclude Include="Actions\Sound.h">
      <Filter>Action Classes</Filter>
    </ClInclude>
    <ClInclude Include="Actions\ResizeAction.h">
      <Filter>Action Classes</Filter>
    </ClInclude>
    <ClInclude Include="Actions\Send_to_Back.h">
      <Filter>Action Classes</Filter>
    </ClInclude>
    <ClInclude Include="Actions\Bring_to_Front.h">
      <Filter>Action Classes</Filter>
    </ClInclude>
    <ClInclude Include="CMUgraphicsLib\version.h">
      <Filter>CMUgraphicsLib</Filter>
    </ClInclude>
  </ItemGroup>
  <ItemGroup>
    <None Include="ClassDiagram.cd" />
  </ItemGroup>
</Project>